github.com/etienneburdet/twenty-twenty-ferber v0.0.0-20210509150741-a189f0b5cf56 h1:+9qEeJbawxXQKW3ozq6jRM3bf7l5xzW9XEHMim52E3E=
github.com/etienneburdet/twenty-twenty-ferber v0.0.0-20210509150741-a189f0b5cf56/go.mod h1:otxjae8GDPGsM4esb2nXoUO23x+4Slk6edXrEiztKmQ=
github.com/themefisher/twenty-twenty-hugo v0.0.0-20200906091351-7c469dbc3e68 h1:ShatRRhNswxZnCp5doRkDNvHGw1+VAzOJ/USlfbzIvY=
github.com/themefisher/twenty-twenty-hugo v0.0.0-20200906091351-7c469dbc3e68/go.mod h1:7a678ZDuA7y0P3Rc/QtvbdWjRsNFiJ72RWd9pOQT8NI=
